
Microsoft Visual Studio Solution File, Format Version 11.00
# Visual Studio 2010
Project("{FAE04EC0-301F-11D3-BF4B-00C04F79EFBC}") = "qiniu", "sdk\qiniu.csproj", "{8D120ACA-4BF9-42A7-81C6-8BE39FF5ED42}"
EndProject
Project("{FAE04EC0-301F-11D3-BF4B-00C04F79EFBC}") = "demo", "demo\demo.csproj", "{4F38040D-651B-4273-AE85-D96BC59C4698}"
EndProject
Global
	GlobalSection(SolutionConfigurationPlatforms) = preSolution
		Debug|Any CPU = Debug|Any CPU
		Release|Any CPU = Release|Any CPU
	EndGlobalSection
	GlobalSection(ProjectConfigurationPlatforms) = postSolution
		{4F38040D-651B-4273-AE85-D96BC59C4698}.Debug|Any CPU.ActiveCfg = Debug|Any CPU
		{4F38040D-651B-4273-AE85-D96BC59C4698}.Debug|Any CPU.Build.0 = Debug|Any CPU
		{4F38040D-651B-4273-AE85-D96BC59C4698}.Release|Any CPU.ActiveCfg = Release|Any CPU
		{4F38040D-651B-4273-AE85-D96BC59C4698}.Release|Any CPU.Build.0 = Release|Any CPU
		{8D120ACA-4BF9-42A7-81C6-8BE39FF5ED42}.Debug|Any CPU.ActiveCfg = Debug|Any CPU
		{8D120ACA-4BF9-42A7-81C6-8BE39FF5ED42}.Debug|Any CPU.Build.0 = Debug|Any CPU
		{8D120ACA-4BF9-42A7-81C6-8BE39FF5ED42}.Release|Any CPU.ActiveCfg = Release|Any CPU
		{8D120ACA-4BF9-42A7-81C6-8BE39FF5ED42}.Release|Any CPU.Build.0 = Release|Any CPU
	EndGlobalSection
	GlobalSection(MonoDevelopProperties) = preSolution
		StartupItem = demo\demo.csproj
	EndGlobalSection
EndGlobal
